
Microsoft Visual Studio Solution File, Format Version 12.00
# Visual Studio Version 17
VisualStudioVersion = 17.3.32922.545
MinimumVisualStudioVersion = 10.0.40219.1
Project("{FAE04EC0-301F-11D3-BF4B-00C04F79EFBC}") = "AdoWinFormsDataSetApp", "AdoWinFormsDataSetApp\AdoWinFormsDataSetApp.csproj", "{621107F3-B78B-4F89-A604-3EFF125B5ACD}"
EndProject
Global
	GlobalSection(SolutionConfigurationPlatforms) = preSolution
		Debug|Any CPU = Debug|Any CPU
		Release|Any CPU = Release|Any CPU
	EndGlobalSection
	GlobalSection(ProjectConfigurationPlatforms) = postSolution
		{621107F3-B78B-4F89-A604-3EFF125B5ACD}.Debug|Any CPU.ActiveCfg = Debug|Any CPU
		{621107F3-B78B-4F89-A604-3EFF125B5ACD}.Debug|Any CPU.Build.0 = Debug|Any CPU
		{621107F3-B78B-4F89-A604-3EFF125B5ACD}.Release|Any CPU.ActiveCfg = Release|Any CPU
		{621107F3-B78B-4F89-A604-3EFF125B5ACD}.Release|Any CPU.Build.0 = Release|Any CPU
	EndGlobalSection
	GlobalSection(SolutionProperties) = preSolution
		HideSolutionNode = FALSE
	EndGlobalSection
	GlobalSection(ExtensibilityGlobals) = postSolution
		SolutionGuid = {FD992B03-839B-4897-9B01-AB6A9DD4F3BE}
	EndGlobalSection
EndGlobal
